// !$*UTF8*$!
{
	archiveVersion = 1;
	classes = {
	};
	objectVersion = 46;
	objects = {

/* Begin PBXBuildFile section */
		05AA15D71A0BF6A10024E981 /* AddDailyViewController.swift in Sources */ = {isa = PBXBuildFile; fileRef = 05AA15D61A0BF6A10024E981 /* AddDailyViewController.swift */; };
		05ABE6761A0BC7B00081E883 /* AppDelegate.swift in Sources */ = {isa = PBXBuildFile; fileRef = 05ABE6751A0BC7B00081E883 /* AppDelegate.swift */; };
		05ABE6791A0BC7B00081E883 /* Daily.xcdatamodeld in Sources */ = {isa = PBXBuildFile; fileRef = 05ABE6771A0BC7B00081E883 /* Daily.xcdatamodeld */; };
		05ABE67B1A0BC7B10081E883 /* ViewController.swift in Sources */ = {isa = PBXBuildFile; fileRef = 05ABE67A1A0BC7B10081E883 /* ViewController.swift */; };
		05ABE67E1A0BC7B10081E883 /* Main.storyboard in Resources */ = {isa = PBXBuildFile; fileRef = 05ABE67C1A0BC7B10081E883 /* Main.storyboard */; };
		05ABE6801A0BC7B10081E883 /* Images.xcassets in Resources */ = {isa = PBXBuildFile; fileRef = 05ABE67F1A0BC7B10081E883 /* Images.xcassets */; };
		05ABE6831A0BC7B10081E883 /* LaunchScreen.xib in Resources */ = {isa = PBXBuildFile; fileRef = 05ABE6811A0BC7B10081E883 /* LaunchScreen.xib */; };
		05ABE68F1A0BC7B10081E883 /* DailyTests.swift in Sources */ = {isa = PBXBuildFile; fileRef = 05ABE68E1A0BC7B10081E883 /* DailyTests.swift */; };
		05ABE6991A0BC8C00081E883 /* DailyCell.swift in Sources */ = {isa = PBXBuildFile; fileRef = 05ABE6981A0BC8C00081E883 /* DailyCell.swift */; };
		05ABE69D1A0BCF6A0081E883 /* DailyDetailViewController.swift in Sources */ = {isa = PBXBuildFile; fileRef = 05ABE69C1A0BCF6A0081E883 /* DailyDetailViewController.swift */; };
		05B5920E1A112592009F5AF8 /* CoreData.framework in Frameworks */ = {isa = PBXBuildFile; fileRef = 05B5920D1A112592009F5AF8 /* CoreData.framework */; };
		05B592101A112723009F5AF8 /* DailyModel.swift in Sources */ = {isa = PBXBuildFile; fileRef = 05B5920F1A112723009F5AF8 /* DailyModel.swift */; };
/* End PBXBuildFile section */

/* Begin PBXContainerItemProxy section */
		05ABE6891A0BC7B10081E883 /* PBXContainerItemProxy */ = {
			isa = PBXContainerItemProxy;
			containerPortal = 05ABE6681A0BC7AF0081E883 /* Project object */;
			proxyType = 1;
			remoteGlobalIDString = 05ABE66F1A0BC7AF0081E883;
			remoteInfo = Daily;
		};
/* End PBXContainerItemProxy section */

/* Begin PBXFileReference section */
		05AA15D61A0BF6A10024E981 /* AddDailyViewController.swift */ = {isa = PBXFileReference; fileEncoding = 4; lastKnownFileType = sourcecode.swift; path = AddDailyViewController.swift; sourceTree = "<group>"; };
		05ABE6701A0BC7AF0081E883 /* Daily.app */ = {isa = PBXFileReference; explicitFileType = wrapper.application; includeInIndex = 0; path = Daily.app; sourceTree = BUILT_PRODUCTS_DIR; };
		05ABE6741A0BC7B00081E883 /* Info.plist */ = {isa = PBXFileReference; lastKnownFileType = text.plist.xml; path = Info.plist; sourceTree = "<group>"; };
		05ABE6751A0BC7B00081E883 /* AppDelegate.swift */ = {isa = PBXFileReference; lastKnownFileType = sourcecode.swift; path = AppDelegate.swift; sourceTree = "<group>"; };
		05ABE6781A0BC7B00081E883 /* Daily.xcdatamodel */ = {isa = PBXFileReference; lastKnownFileType = wrapper.xcdatamodel; path = Daily.xcdatamodel; sourceTree = "<group>"; };
		05ABE67A1A0BC7B10081E883 /* ViewController.swift */ = {isa = PBXFileReference; lastKnownFileType = sourcecode.swift; path = ViewController.swift; sourceTree = "<group>"; };
		05ABE67D1A0BC7B10081E883 /* Base */ = {isa = PBXFileReference; lastKnownFileType = file.storyboard; name = Base; path = Base.lproj/Main.storyboard; sourceTree = "<group>"; };
		05ABE67F1A0BC7B10081E883 /* Images.xcassets */ = {isa = PBXFileReference; lastKnownFileType = folder.assetcatalog; path = Images.xcassets; sourceTree = "<group>"; };
		05ABE6821A0BC7B10081E883 /* Base */ = {isa = PBXFileReference; lastKnownFileType = file.xib; name = Base; path = Base.lproj/LaunchScreen.xib; sourceTree = "<group>"; };
		05ABE6881A0BC7B10081E883 /* DailyTests.xctest */ = {isa = PBXFileReference; explicitFileType = wrapper.cfbundle; includeInIndex = 0; path = DailyTests.xctest; sourceTree = BUILT_PRODUCTS_DIR; };
		05ABE68D1A0BC7B10081E883 /* Info.plist */ = {isa = PBXFileReference; lastKnownFileType = text.plist.xml; path = Info.plist; sourceTree = "<group>"; };
		05ABE68E1A0BC7B10081E883 /* DailyTests.swift */ = {isa = PBXFileReference; lastKnownFileType = sourcecode.swift; path = DailyTests.swift; sourceTree = "<group>"; };
		05ABE6981A0BC8C00081E883 /* DailyCell.swift */ = {isa = PBXFileReference; fileEncoding = 4; lastKnownFileType = sourcecode.swift; path = DailyCell.swift; sourceTree = "<group>"; };
		05ABE69C1A0BCF6A0081E883 /* DailyDetailViewController.swift */ = {isa = PBXFileReference; fileEncoding = 4; lastKnownFileType = sourcecode.swift; path = DailyDetailViewController.swift; sourceTree = "<group>"; };
		05B5920D1A112592009F5AF8 /* CoreData.framework */ = {isa = PBXFileReference; lastKnownFileType = wrapper.framework; name = CoreData.framework; path = System/Library/Frameworks/CoreData.framework; sourceTree = SDKROOT; };
		05B5920F1A112723009F5AF8 /* DailyModel.swift */ = {isa = PBXFileReference; fileEncoding = 4; lastKnownFileType = sourcecode.swift; path = DailyModel.swift; sourceTree = SOURCE_ROOT; };
/* End PBXFileReference section */

/* Begin PBXFrameworksBuildPhase section */
		05ABE66D1A0BC7AF0081E883 /* Frameworks */ = {
			isa = PBXFrameworksBuildPhase;
			buildActionMask = 2147483647;
			files = (
				05B5920E1A112592009F5AF8 /* CoreData.framework in Frameworks */,
			);
			runOnlyForDeploymentPostprocessing = 0;
		};
		05ABE6851A0BC7B10081E883 /* Frameworks */ = {
			isa = PBXFrameworksBuildPhase;
			buildActionMask = 2147483647;
			files = (
			);
			runOnlyForDeploymentPostprocessing = 0;
		};
/* End PBXFrameworksBuildPhase section */

/* Begin PBXGroup section */
		05ABE6671A0BC7AF0081E883 = {
			isa = PBXGroup;
			children = (
				05ABE6721A0BC7AF0081E883 /* Daily */,
				05ABE68B1A0BC7B10081E883 /* DailyTests */,
				05ABE6711A0BC7AF0081E883 /* Products */,
			);
			sourceTree = "<group>";
		};
		05ABE6711A0BC7AF0081E883 /* Products */ = {
			isa = PBXGroup;
			children = (
				05ABE6701A0BC7AF0081E883 /* Daily.app */,
				05ABE6881A0BC7B10081E883 /* DailyTests.xctest */,
			);
			name = Products;
			sourceTree = "<group>";
		};
		05ABE6721A0BC7AF0081E883 /* Daily */ = {
			isa = PBXGroup;
			children = (
				05ABE6751A0BC7B00081E883 /* AppDelegate.swift */,
				05ABE67A1A0BC7B10081E883 /* ViewController.swift */,
				05ABE69C1A0BCF6A0081E883 /* DailyDetailViewController.swift */,
				05AA15D61A0BF6A10024E981 /* AddDailyViewController.swift */,
				05ABE67C1A0BC7B10081E883 /* Main.storyboard */,
				05ABE6981A0BC8C00081E883 /* DailyCell.swift */,
				05B5920F1A112723009F5AF8 /* DailyModel.swift */,
				05ABE67F1A0BC7B10081E883 /* Images.xcassets */,
				05ABE6811A0BC7B10081E883 /* LaunchScreen.xib */,
				05ABE6771A0BC7B00081E883 /* Daily.xcdatamodeld */,
				05ABE6731A0BC7B00081E883 /* Supporting Files */,
			);
			path = Daily;
			sourceTree = "<group>";
		};
		05ABE6731A0BC7B00081E883 /* Supporting Files */ = {
			isa = PBXGroup;
			children = (
				05B5920D1A112592009F5AF8 /* CoreData.framework */,
				05ABE6741A0BC7B00081E883 /* Info.plist */,
			);
			name = "Supporting Files";
			sourceTree = "<group>";
		};
		05ABE68B1A0BC7B10081E883 /* DailyTests */ = {
			isa = PBXGroup;
			children = (
				05ABE68E1A0BC7B10081E883 /* DailyTests.swift */,
				05ABE68C1A0BC7B10081E883 /* Supporting Files */,
			);
			path = DailyTests;
			sourceTree = "<group>";
		};
		05ABE68C1A0BC7B10081E883 /* Supporting Files */ = {
			isa = PBXGroup;
			children = (
				05ABE68D1A0BC7B10081E883 /* Info.plist */,
			);
			name = "Supporting Files";
			sourceTree = "<group>";
		};
/* End PBXGroup section */

/* Begin PBXNativeTarget section */
		05ABE66F1A0BC7AF0081E883 /* Daily */ = {
			isa = PBXNativeTarget;
			buildConfigurationList = 05ABE6921A0BC7B10081E883 /* Build configuration list for PBXNativeTarget "Daily" */;
			buildPhases = (
				05ABE66C1A0BC7AF0081E883 /* Sources */,
				05ABE66D1A0BC7AF0081E883 /* Frameworks */,
				05ABE66E1A0BC7AF0081E883 /* Resources */,
			);
			buildRules = (
			);
			dependencies = (
			);
			name = Daily;
			productName = Daily;
			productReference = 05ABE6701A0BC7AF0081E883 /* Daily.app */;
			productType = "com.apple.product-type.application";
		};
		05ABE6871A0BC7B10081E883 /* DailyTests */ = {
			isa = PBXNativeTarget;
			buildConfigurationList = 05ABE6951A0BC7B10081E883 /* Build configuration list for PBXNativeTarget "DailyTests" */;
			buildPhases = (
				05ABE6841A0BC7B10081E883 /* Sources */,
				05ABE6851A0BC7B10081E883 /* Frameworks */,
				05ABE6861A0BC7B10081E883 /* Resources */,
			);
			buildRules = (
			);
			dependencies = (
				05ABE68A1A0BC7B10081E883 /* PBXTargetDependency */,
			);
			name = DailyTests;
			productName = DailyTests;
			productReference = 05ABE6881A0BC7B10081E883 /* DailyTests.xctest */;
			productType = "com.apple.product-type.bundle.unit-test";
		};
/* End PBXNativeTarget section */

/* Begin PBXProject section */
		05ABE6681A0BC7AF0081E883 /* Project object */ = {
			isa = PBXProject;
			attributes = {
				LastUpgradeCheck = 0610;
				ORGANIZATIONNAME = thomas;
				TargetAttributes = {
					05ABE66F1A0BC7AF0081E883 = {
						CreatedOnToolsVersion = 6.1;
					};
					05ABE6871A0BC7B10081E883 = {
						CreatedOnToolsVersion = 6.1;
						TestTargetID = 05ABE66F1A0BC7AF0081E883;
					};
				};
			};
			buildConfigurationList = 05ABE66B1A0BC7AF0081E883 /* Build configuration list for PBXProject "Daily" */;
			compatibilityVersion = "Xcode 3.2";
			developmentRegion = English;
			hasScannedForEncodings = 0;
			knownRegions = (
				en,
				Base,
			);
			mainGroup = 05ABE6671A0BC7AF0081E883;
			productRefGroup = 05ABE6711A0BC7AF0081E883 /* Products */;
			projectDirPath = "";
			projectRoot = "";
			targets = (
				05ABE66F1A0BC7AF0081E883 /* Daily */,
				05ABE6871A0BC7B10081E883 /* DailyTests */,
			);
		};
/* End PBXProject section */

/* Begin PBXResourcesBuildPhase section */
		05ABE66E1A0BC7AF0081E883 /* Resources */ = {
			isa = PBXResourcesBuildPhase;
			buildActionMask = 2147483647;
			files = (
				05ABE67E1A0BC7B10081E883 /* Main.storyboard in Resources */,
				05ABE6831A0BC7B10081E883 /* LaunchScreen.xib in Resources */,
				05ABE6801A0BC7B10081E883 /* Images.xcassets in Resources */,
			);
			runOnlyForDeploymentPostprocessing = 0;
		};
		05ABE6861A0BC7B10081E883 /* Resources */ = {
			isa = PBXResourcesBuildPhase;
			buildActionMask = 2147483647;
			files = (
			);
			runOnlyForDeploymentPostprocessing = 0;
		};
/* End PBXResourcesBuildPhase section */

/* Begin PBXSourcesBuildPhase section */
		05ABE66C1A0BC7AF0081E883 /* Sources */ = {
			isa = PBXSourcesBuildPhase;
			buildActionMask = 2147483647;
			files = (
				05ABE67B1A0BC7B10081E883 /* ViewController.swift in Sources */,
				05AA15D71A0BF6A10024E981 /* AddDailyViewController.swift in Sources */,
				05ABE6991A0BC8C00081E883 /* DailyCell.swift in Sources */,
				05ABE6761A0BC7B00081E883 /* AppDelegate.swift in Sources */,
				05B592101A112723009F5AF8 /* DailyModel.swift in Sources */,
				05ABE6791A0BC7B00081E883 /* Daily.xcdatamodeld in Sources */,
				05ABE69D1A0BCF6A0081E883 /* DailyDetailViewController.swift in Sources */,
			);
			runOnlyForDeploymentPostprocessing = 0;
		};
		05ABE6841A0BC7B10081E883 /* Sources */ = {
			isa = PBXSourcesBuildPhase;
			buildActionMask = 2147483647;
			files = (
				05ABE68F1A0BC7B10081E883 /* DailyTests.swift in Sources */,
			);
			runOnlyForDeploymentPostprocessing = 0;
		};
/* End PBXSourcesBuildPhase section */

/* Begin PBXTargetDependency section */
		05ABE68A1A0BC7B10081E883 /* PBXTargetDependency */ = {
			isa = PBXTargetDependency;
			target = 05ABE66F1A0BC7AF0081E883 /* Daily */;
			targetProxy = 05ABE6891A0BC7B10081E883 /* PBXContainerItemProxy */;
		};
/* End PBXTargetDependency section */

/* Begin PBXVariantGroup section */
		05ABE67C1A0BC7B10081E883 /* Main.storyboard */ = {
			isa = PBXVariantGroup;
			children = (
				05ABE67D1A0BC7B10081E883 /* Base */,
			);
			name = Main.storyboard;
			sourceTree = "<group>";
		};
		05ABE6811A0BC7B10081E883 /* LaunchScreen.xib */ = {
			isa = PBXVariantGroup;
			children = (
				05ABE6821A0BC7B10081E883 /* Base */,
			);
			name = LaunchScreen.xib;
			sourceTree = "<group>";
		};
/* End PBXVariantGroup section */

/* Begin XCBuildConfiguration section */
		05ABE6901A0BC7B10081E883 /* Debug */ = {
			isa = XCBuildConfiguration;
			buildSettings = {
				ALWAYS_SEARCH_USER_PATHS = NO;
				CLANG_CXX_LANGUAGE_STANDARD = "gnu++0x";
				CLANG_CXX_LIBRARY = "libc++";
				CLANG_ENABLE_MODULES = YES;
				CLANG_ENABLE_OBJC_ARC = YES;
				CLANG_WARN_BOOL_CONVERSION = YES;
				CLANG_WARN_CONSTANT_CONVERSION = YES;
				CLANG_WARN_DIRECT_OBJC_ISA_USAGE = YES_ERROR;
				CLANG_WARN_EMPTY_BODY = YES;
				CLANG_WARN_ENUM_CONVERSION = YES;
				CLANG_WARN_INT_CONVERSION = YES;
				CLANG_WARN_OBJC_ROOT_CLASS = YES_ERROR;
				CLANG_WARN_UNREACHABLE_CODE = YES;
				CLANG_WARN__DUPLICATE_METHOD_MATCH = YES;
				"CODE_SIGN_IDENTITY[sdk=iphoneos*]" = "iPhone Developer";
				COPY_PHASE_STRIP = NO;
				ENABLE_STRICT_OBJC_MSGSEND = YES;
				GCC_C_LANGUAGE_STANDARD = gnu99;
				GCC_DYNAMIC_NO_PIC = NO;
				GCC_OPTIMIZATION_LEVEL = 0;
				GCC_PREPROCESSOR_DEFINITIONS = (
					"DEBUG=1",
					"$(inherited)",
				);
				GCC_SYMBOLS_PRIVATE_EXTERN = NO;
				GCC_WARN_64_TO_32_BIT_CONVERSION = YES;
				GCC_WARN_ABOUT_RETURN_TYPE = YES_ERROR;
				GCC_WARN_UNDECLARED_SELECTOR = YES;
				GCC_WARN_UNINITIALIZED_AUTOS = YES_AGGRESSIVE;
				GCC_WARN_UNUSED_FUNCTION = YES;
				GCC_WARN_UNUSED_VARIABLE = YES;
				IPHONEOS_DEPLOYMENT_TARGET = 8.1;
				MTL_ENABLE_DEBUG_INFO = YES;
				ONLY_ACTIVE_ARCH = YES;
				SDKROOT = iphoneos;
				SWIFT_OPTIMIZATION_LEVEL = "-Onone";
			};
			name = Debug;
		};
		05ABE6911A0BC7B10081E883 /* Release */ = {
			isa = XCBuildConfiguration;
			buildSettings = {
				ALWAYS_SEARCH_USER_PATHS = NO;
				CLANG_CXX_LANGUAGE_STANDARD = "gnu++0x";
				CLANG_CXX_LIBRARY = "libc++";
				CLANG_ENABLE_MODULES = YES;
				CLANG_ENABLE_OBJC_ARC = YES;
				CLANG_WARN_BOOL_CONVERSION = YES;
				CLANG_WARN_CONSTANT_CONVERSION = YES;
				CLANG_WARN_DIRECT_OBJC_ISA_USAGE = YES_ERROR;
				CLANG_WARN_EMPTY_BODY = YES;
				CLANG_WARN_ENUM_CONVERSION = YES;
				CLANG_WARN_INT_CONVERSION = YES;
				CLANG_WARN_OBJC_ROOT_CLASS = YES_ERROR;
				CLANG_WARN_UNREACHABLE_CODE = YES;
				CLANG_WARN__DUPLICATE_METHOD_MATCH = YES;
				"CODE_SIGN_IDENTITY[sdk=iphoneos*]" = "iPhone Developer";
				COPY_PHASE_STRIP = YES;
				ENABLE_NS_ASSERTIONS = NO;
				ENABLE_STRICT_OBJC_MSGSEND = YES;
				GCC_C_LANGUAGE_STANDARD = gnu99;
				GCC_WARN_64_TO_32_BIT_CONVERSION = YES;
				GCC_WARN_ABOUT_RETURN_TYPE = YES_ERROR;
				GCC_WARN_UNDECLARED_SELECTOR = YES;
				GCC_WARN_UNINITIALIZED_AUTOS = YES_AGGRESSIVE;
				GCC_WARN_UNUSED_FUNCTION = YES;
				GCC_WARN_UNUSED_VARIABLE = YES;
				IPHONEOS_DEPLOYMENT_TARGET = 8.1;
				MTL_ENABLE_DEBUG_INFO = NO;
				SDKROOT = iphoneos;
				VALIDATE_PRODUCT = YES;
			};
			name = Release;
		};
		05ABE6931A0BC7B10081E883 /* Debug */ = {
			isa = XCBuildConfiguration;
			buildSettings = {
				ASSETCATALOG_COMPILER_APPICON_NAME = AppIcon;
				INFOPLIST_FILE = Daily/Info.plist;
				LD_RUNPATH_SEARCH_PATHS = "$(inherited) @executable_path/Frameworks";
				PRODUCT_NAME = "$(TARGET_NAME)";
			};
			name = Debug;
		};
		05ABE6941A0BC7B10081E883 /* Release */ = {
			isa = XCBuildConfiguration;
			buildSettings = {
				ASSETCATALOG_COMPILER_APPICON_NAME = AppIcon;
				INFOPLIST_FILE = Daily/Info.plist;
				LD_RUNPATH_SEARCH_PATHS = "$(inherited) @executable_path/Frameworks";
				PRODUCT_NAME = "$(TARGET_NAME)";
			};
			name = Release;
		};
		05ABE6961A0BC7B10081E883 /* Debug */ = {
			isa = XCBuildConfiguration;
			buildSettings = {
				BUNDLE_LOADER = "$(TEST_HOST)";
				FRAMEWORK_SEARCH_PATHS = (
					"$(SDKROOT)/Developer/Library/Frameworks",
					"$(inherited)",
				);
				GCC_PREPROCESSOR_DEFINITIONS = (
					"DEBUG=1",
					"$(inherited)",
				);
				INFOPLIST_FILE = DailyTests/Info.plist;
				LD_RUNPATH_SEARCH_PATHS = "$(inherited) @executable_path/Frameworks @loader_path/Frameworks";
				PRODUCT_NAME = "$(TARGET_NAME)";
				TEST_HOST = "$(BUILT_PRODUCTS_DIR)/Daily.app/Daily";
			};
			name = Debug;
		};
		05ABE6971A0BC7B10081E883 /* Release */ = {
			isa = XCBuildConfiguration;
			buildSettings = {
				BUNDLE_LOADER = "$(TEST_HOST)";
				FRAMEWORK_SEARCH_PATHS = (
					"$(SDKROOT)/Developer/Library/Frameworks",
					"$(inherited)",
				);
				INFOPLIST_FILE = DailyTests/Info.plist;
				LD_RUNPATH_SEARCH_PATHS = "$(inherited) @executable_path/Frameworks @loader_path/Frameworks";
				PRODUCT_NAME = "$(TARGET_NAME)";
				TEST_HOST = "$(BUILT_PRODUCTS_DIR)/Daily.app/Daily";
			};
			name = Release;
		};
/* End XCBuildConfiguration section */

/* Begin XCConfigurationList section */
		05ABE66B1A0BC7AF0081E883 /* Build configuration list for PBXProject "Daily" */ = {
			isa = XCConfigurationList;
			buildConfigurations = (
				05ABE6901A0BC7B10081E883 /* Debug */,
				05ABE6911A0BC7B10081E883 /* Release */,
			);
			defaultConfigurationIsVisible = 0;
			defaultConfigurationName = Release;
		};
		05ABE6921A0BC7B10081E883 /* Build configuration list for PBXNativeTarget "Daily" */ = {
			isa = XCConfigurationList;
			buildConfigurations = (
				05ABE6931A0BC7B10081E883 /* Debug */,
				05ABE6941A0BC7B10081E883 /* Release */,
			);
			defaultConfigurationIsVisible = 0;
			defaultConfigurationName = Release;
		};
		05ABE6951A0BC7B10081E883 /* Build configuration list for PBXNativeTarget "DailyTests" */ = {
			isa = XCConfigurationList;
			buildConfigurations = (
				05ABE6961A0BC7B10081E883 /* Debug */,
				05ABE6971A0BC7B10081E883 /* Release */,
			);
			defaultConfigurationIsVisible = 0;
			defaultConfigurationName = Release;
		};
/* End XCConfigurationList section */

/* Begin XCVersionGroup section */
		05ABE6771A0BC7B00081E883 /* Daily.xcdatamodeld */ = {
			isa = XCVersionGroup;
			children = (
				05ABE6781A0BC7B00081E883 /* Daily.xcdatamodel */,
			);
			currentVersion = 05ABE6781A0BC7B00081E883 /* Daily.xcdatamodel */;
			path = Daily.xcdatamodeld;
			sourceTree = "<group>";
			versionGroupType = wrapper.xcdatamodel;
		};
/* End XCVersionGroup section */
	};
	rootObject = 05ABE6681A0BC7AF0081E883 /* Project object */;
}
